
Microsoft Visual Studio Solution File, Format Version 12.00
# Visual Studio Version 16
VisualStudioVersion = 16.0.31105.61
MinimumVisualStudioVersion = 10.0.40219.1
Project("{8BC9CEB8-8B4A-11D0-8D11-00A0C91BC942}") = "Lab5", "Lab5\Lab5.vcxproj", "{C24BAA93-835A-4A14-BBD8-272EAE1929EF}"
EndProject
Project("{FAE04EC0-301F-11D3-BF4B-00C04F79EFBC}") = "Lab5csh", "Lab5csh\Lab5csh.csproj", "{8159BB76-889A-41A5-BF8A-11BA7B58F7A7}"
EndProject
Project("{FAE04EC0-301F-11D3-BF4B-00C04F79EFBC}") = "MyClasses", "MyClasses\MyClasses.csproj", "{7699221F-A805-4646-B0E4-4C9C8AF3857F}"
EndProject
Global
	GlobalSection(SolutionConfigurationPlatforms) = preSolution
		Debug|Any CPU = Debug|Any CPU
		Debug|x64 = Debug|x64
		Debug|x86 = Debug|x86
		Release|Any CPU = Release|Any CPU
		Release|x64 = Release|x64
		Release|x86 = Release|x86
	EndGlobalSection
	GlobalSection(ProjectConfigurationPlatforms) = postSolution
		{C24BAA93-835A-4A14-BBD8-272EAE1929EF}.Debug|Any CPU.ActiveCfg = Debug|Win32
		{C24BAA93-835A-4A14-BBD8-272EAE1929EF}.Debug|x64.ActiveCfg = Debug|x64
		{C24BAA93-835A-4A14-BBD8-272EAE1929EF}.Debug|x64.Build.0 = Debug|x64
		{C24BAA93-835A-4A14-BBD8-272EAE1929EF}.Debug|x86.ActiveCfg = Debug|Win32
		{C24BAA93-835A-4A14-BBD8-272EAE1929EF}.Debug|x86.Build.0 = Debug|Win32
		{C24BAA93-835A-4A14-BBD8-272EAE1929EF}.Release|Any CPU.ActiveCfg = Release|Win32
		{C24BAA93-835A-4A14-BBD8-272EAE1929EF}.Release|x64.ActiveCfg = Release|x64
		{C24BAA93-835A-4A14-BBD8-272EAE1929EF}.Release|x64.Build.0 = Release|x64
		{C24BAA93-835A-4A14-BBD8-272EAE1929EF}.Release|x86.ActiveCfg = Release|Win32
		{C24BAA93-835A-4A14-BBD8-272EAE1929EF}.Release|x86.Build.0 = Release|Win32
		{8159BB76-889A-41A5-BF8A-11BA7B58F7A7}.Debug|Any CPU.ActiveCfg = Debug|Any CPU
		{8159BB76-889A-41A5-BF8A-11BA7B58F7A7}.Debug|Any CPU.Build.0 = Debug|Any CPU
		{8159BB76-889A-41A5-BF8A-11BA7B58F7A7}.Debug|x64.ActiveCfg = Debug|Any CPU
		{8159BB76-889A-41A5-BF8A-11BA7B58F7A7}.Debug|x64.Build.0 = Debug|Any CPU
		{8159BB76-889A-41A5-BF8A-11BA7B58F7A7}.Debug|x86.ActiveCfg = Debug|Any CPU
		{8159BB76-889A-41A5-BF8A-11BA7B58F7A7}.Debug|x86.Build.0 = Debug|Any CPU
		{8159BB76-889A-41A5-BF8A-11BA7B58F7A7}.Release|Any CPU.ActiveCfg = Release|Any CPU
		{8159BB76-889A-41A5-BF8A-11BA7B58F7A7}.Release|Any CPU.Build.0 = Release|Any CPU
		{8159BB76-889A-41A5-BF8A-11BA7B58F7A7}.Release|x64.ActiveCfg = Release|Any CPU
		{8159BB76-889A-41A5-BF8A-11BA7B58F7A7}.Release|x64.Build.0 = Release|Any CPU
		{8159BB76-889A-41A5-BF8A-11BA7B58F7A7}.Release|x86.ActiveCfg = Release|Any CPU
		{8159BB76-889A-41A5-BF8A-11BA7B58F7A7}.Release|x86.Build.0 = Release|Any CPU
		{7699221F-A805-4646-B0E4-4C9C8AF3857F}.Debug|Any CPU.ActiveCfg = Debug|Any CPU
		{7699221F-A805-4646-B0E4-4C9C8AF3857F}.Debug|Any CPU.Build.0 = Debug|Any CPU
		{7699221F-A805-4646-B0E4-4C9C8AF3857F}.Debug|x64.ActiveCfg = Debug|Any CPU
		{7699221F-A805-4646-B0E4-4C9C8AF3857F}.Debug|x64.Build.0 = Debug|Any CPU
		{7699221F-A805-4646-B0E4-4C9C8AF3857F}.Debug|x86.ActiveCfg = Debug|Any CPU
		{7699221F-A805-4646-B0E4-4C9C8AF3857F}.Debug|x86.Build.0 = Debug|Any CPU
		{7699221F-A805-4646-B0E4-4C9C8AF3857F}.Release|Any CPU.ActiveCfg = Release|Any CPU
		{7699221F-A805-4646-B0E4-4C9C8AF3857F}.Release|Any CPU.Build.0 = Release|Any CPU
		{7699221F-A805-4646-B0E4-4C9C8AF3857F}.Release|x64.ActiveCfg = Release|Any CPU
		{7699221F-A805-4646-B0E4-4C9C8AF3857F}.Release|x64.Build.0 = Release|Any CPU
		{7699221F-A805-4646-B0E4-4C9C8AF3857F}.Release|x86.ActiveCfg = Release|Any CPU
		{7699221F-A805-4646-B0E4-4C9C8AF3857F}.Release|x86.Build.0 = Release|Any CPU
	EndGlobalSection
	GlobalSection(SolutionProperties) = preSolution
		HideSolutionNode = FALSE
	EndGlobalSection
	GlobalSection(ExtensibilityGlobals) = postSolution
		SolutionGuid = {99BC8723-CC9D-4260-A2D7-3A4C1E46C509}
	EndGlobalSection
EndGlobal
