
Microsoft Visual Studio Solution File, Format Version 12.00
# Visual Studio Version 16
VisualStudioVersion = 16.0.30907.101
MinimumVisualStudioVersion = 10.0.40219.1
Project("{8BC9CEB8-8B4A-11D0-8D11-00A0C91BC942}") = "Lab1cpp", "Lab1\Lab1.vcxproj", "{00A5ECD9-5F7A-4D50-BCCB-0A9FE6426E7F}"
EndProject
Project("{FAE04EC0-301F-11D3-BF4B-00C04F79EFBC}") = "Lab1csh", "Lab1csh\Lab1csh.csproj", "{B4A5BF71-3D47-4214-AE29-547649455F6A}"
EndProject
Global
	GlobalSection(SolutionConfigurationPlatforms) = preSolution
		Debug|Any CPU = Debug|Any CPU
		Debug|x64 = Debug|x64
		Debug|x86 = Debug|x86
		Release|Any CPU = Release|Any CPU
		Release|x64 = Release|x64
		Release|x86 = Release|x86
	EndGlobalSection
	GlobalSection(ProjectConfigurationPlatforms) = postSolution
		{00A5ECD9-5F7A-4D50-BCCB-0A9FE6426E7F}.Debug|Any CPU.ActiveCfg = Debug|Win32
		{00A5ECD9-5F7A-4D50-BCCB-0A9FE6426E7F}.Debug|x64.ActiveCfg = Debug|x64
		{00A5ECD9-5F7A-4D50-BCCB-0A9FE6426E7F}.Debug|x64.Build.0 = Debug|x64
		{00A5ECD9-5F7A-4D50-BCCB-0A9FE6426E7F}.Debug|x86.ActiveCfg = Debug|Win32
		{00A5ECD9-5F7A-4D50-BCCB-0A9FE6426E7F}.Debug|x86.Build.0 = Debug|Win32
		{00A5ECD9-5F7A-4D50-BCCB-0A9FE6426E7F}.Release|Any CPU.ActiveCfg = Release|Win32
		{00A5ECD9-5F7A-4D50-BCCB-0A9FE6426E7F}.Release|x64.ActiveCfg = Release|x64
		{00A5ECD9-5F7A-4D50-BCCB-0A9FE6426E7F}.Release|x64.Build.0 = Release|x64
		{00A5ECD9-5F7A-4D50-BCCB-0A9FE6426E7F}.Release|x86.ActiveCfg = Release|Win32
		{00A5ECD9-5F7A-4D50-BCCB-0A9FE6426E7F}.Release|x86.Build.0 = Release|Win32
		{B4A5BF71-3D47-4214-AE29-547649455F6A}.Debug|Any CPU.ActiveCfg = Debug|Any CPU
		{B4A5BF71-3D47-4214-AE29-547649455F6A}.Debug|Any CPU.Build.0 = Debug|Any CPU
		{B4A5BF71-3D47-4214-AE29-547649455F6A}.Debug|x64.ActiveCfg = Debug|Any CPU
		{B4A5BF71-3D47-4214-AE29-547649455F6A}.Debug|x64.Build.0 = Debug|Any CPU
		{B4A5BF71-3D47-4214-AE29-547649455F6A}.Debug|x86.ActiveCfg = Debug|Any CPU
		{B4A5BF71-3D47-4214-AE29-547649455F6A}.Debug|x86.Build.0 = Debug|Any CPU
		{B4A5BF71-3D47-4214-AE29-547649455F6A}.Release|Any CPU.ActiveCfg = Release|Any CPU
		{B4A5BF71-3D47-4214-AE29-547649455F6A}.Release|Any CPU.Build.0 = Release|Any CPU
		{B4A5BF71-3D47-4214-AE29-547649455F6A}.Release|x64.ActiveCfg = Release|Any CPU
		{B4A5BF71-3D47-4214-AE29-547649455F6A}.Release|x64.Build.0 = Release|Any CPU
		{B4A5BF71-3D47-4214-AE29-547649455F6A}.Release|x86.ActiveCfg = Release|Any CPU
		{B4A5BF71-3D47-4214-AE29-547649455F6A}.Release|x86.Build.0 = Release|Any CPU
	EndGlobalSection
	GlobalSection(SolutionProperties) = preSolution
		HideSolutionNode = FALSE
	EndGlobalSection
	GlobalSection(ExtensibilityGlobals) = postSolution
		SolutionGuid = {C4956374-2379-409B-BEC7-598B7DCADA97}
	EndGlobalSection
EndGlobal
