
Microsoft Visual Studio Solution File, Format Version 12.00
# Visual Studio Version 16
VisualStudioVersion = 16.0.31105.61
MinimumVisualStudioVersion = 10.0.40219.1
Project("{FAE04EC0-301F-11D3-BF4B-00C04F79EFBC}") = "Lab4", "Lab4\Lab4.csproj", "{33701681-99E4-4CE3-9809-39DE4DF664BE}"
EndProject
Project("{FAE04EC0-301F-11D3-BF4B-00C04F79EFBC}") = "MyClass", "MyClass\MyClass.csproj", "{157516F0-FDA6-4E91-8B8E-277748306349}"
EndProject
Global
	GlobalSection(SolutionConfigurationPlatforms) = preSolution
		Debug|Any CPU = Debug|Any CPU
		Release|Any CPU = Release|Any CPU
	EndGlobalSection
	GlobalSection(ProjectConfigurationPlatforms) = postSolution
		{33701681-99E4-4CE3-9809-39DE4DF664BE}.Debug|Any CPU.ActiveCfg = Debug|Any CPU
		{33701681-99E4-4CE3-9809-39DE4DF664BE}.Debug|Any CPU.Build.0 = Debug|Any CPU
		{33701681-99E4-4CE3-9809-39DE4DF664BE}.Release|Any CPU.ActiveCfg = Release|Any CPU
		{33701681-99E4-4CE3-9809-39DE4DF664BE}.Release|Any CPU.Build.0 = Release|Any CPU
		{157516F0-FDA6-4E91-8B8E-277748306349}.Debug|Any CPU.ActiveCfg = Debug|Any CPU
		{157516F0-FDA6-4E91-8B8E-277748306349}.Debug|Any CPU.Build.0 = Debug|Any CPU
		{157516F0-FDA6-4E91-8B8E-277748306349}.Release|Any CPU.ActiveCfg = Release|Any CPU
		{157516F0-FDA6-4E91-8B8E-277748306349}.Release|Any CPU.Build.0 = Release|Any CPU
	EndGlobalSection
	GlobalSection(SolutionProperties) = preSolution
		HideSolutionNode = FALSE
	EndGlobalSection
	GlobalSection(ExtensibilityGlobals) = postSolution
		SolutionGuid = {CA3058AE-F63F-4DB3-AB16-2FC6767EDB95}
	EndGlobalSection
EndGlobal
